// !$*UTF8*$!
{
	archiveVersion = 1;
	classes = {
	};
	objectVersion = 56;
	objects = {

/* Begin PBXBuildFile section */
		49CE437FCE02179E6147EAD1 /* Pods_VPNClientNetwork.framework in Frameworks */ = {isa = PBXBuildFile; fileRef = DD0D0A34CFF3C024A1502130 /* Pods_VPNClientNetwork.framework */; };
		D1814C61B4774A70F1E7649B /* Pods_VPNClient.framework in Frameworks */ = {isa = PBXBuildFile; fileRef = 4FFCAC12D0B93393887BA966 /* Pods_VPNClient.framework */; };
		F777E2782C8468440082AEC7 /* rexopvn.ovpn in Resources */ = {isa = PBXBuildFile; fileRef = F777E2772C8468440082AEC7 /* rexopvn.ovpn */; };
		F777E27C2C846F1B0082AEC7 /* profile.ovpn in Resources */ = {isa = PBXBuildFile; fileRef = F777E27B2C846F1B0082AEC7 /* profile.ovpn */; };
		F78A37D92C82E30000CEB691 /* AppDelegate.swift in Sources */ = {isa = PBXBuildFile; fileRef = F78A37D82C82E30000CEB691 /* AppDelegate.swift */; };
		F78A37DB2C82E30000CEB691 /* SceneDelegate.swift in Sources */ = {isa = PBXBuildFile; fileRef = F78A37DA2C82E30000CEB691 /* SceneDelegate.swift */; };
		F78A37DD2C82E30000CEB691 /* ViewController.swift in Sources */ = {isa = PBXBuildFile; fileRef = F78A37DC2C82E30000CEB691 /* ViewController.swift */; };
		F78A37E02C82E30000CEB691 /* Base in Resources */ = {isa = PBXBuildFile; fileRef = F78A37DF2C82E30000CEB691 /* Base */; };
		F78A37E22C82E30200CEB691 /* Assets.xcassets in Resources */ = {isa = PBXBuildFile; fileRef = F78A37E12C82E30200CEB691 /* Assets.xcassets */; };
		F78A37E52C82E30200CEB691 /* Base in Resources */ = {isa = PBXBuildFile; fileRef = F78A37E42C82E30200CEB691 /* Base */; };
		F78A38052C82E93200CEB691 /* NetworkExtension.framework in Frameworks */ = {isa = PBXBuildFile; fileRef = F78A37F22C82E80800CEB691 /* NetworkExtension.framework */; };
		F78A38082C82E93200CEB691 /* PacketTunnelProvider.swift in Sources */ = {isa = PBXBuildFile; fileRef = F78A38072C82E93200CEB691 /* PacketTunnelProvider.swift */; };
		F78A380D2C82E93200CEB691 /* VPNClientNetwork.appex in Embed Foundation Extensions */ = {isa = PBXBuildFile; fileRef = F78A38042C82E93200CEB691 /* VPNClientNetwork.appex */; settings = {ATTRIBUTES = (RemoveHeadersOnCopy, ); }; };
		F7DD0D312C883CAA002AA04E /* GoogleService-Info.plist in Resources */ = {isa = PBXBuildFile; fileRef = F7DD0D302C883CAA002AA04E /* GoogleService-Info.plist */; };
		F7DD0D342C883E8E002AA04E /* FirebaseAnalytics in Frameworks */ = {isa = PBXBuildFile; productRef = F7DD0D332C883E8E002AA04E /* FirebaseAnalytics */; };
		F7DD0D362C883E8E002AA04E /* FirebaseMessaging in Frameworks */ = {isa = PBXBuildFile; productRef = F7DD0D352C883E8E002AA04E /* FirebaseMessaging */; };
		F7DD0D3E2C8846E1002AA04E /* NotificationService.swift in Sources */ = {isa = PBXBuildFile; fileRef = F7DD0D3D2C8846E1002AA04E /* NotificationService.swift */; };
		F7DD0D422C8846E1002AA04E /* ServiceExt.appex in Embed Foundation Extensions */ = {isa = PBXBuildFile; fileRef = F7DD0D3B2C8846E1002AA04E /* ServiceExt.appex */; settings = {ATTRIBUTES = (RemoveHeadersOnCopy, ); }; };
		F7DD0D4C2C8846EF002AA04E /* UserNotifications.framework in Frameworks */ = {isa = PBXBuildFile; fileRef = F7DD0D4B2C8846EF002AA04E /* UserNotifications.framework */; };
		F7DD0D4E2C8846EF002AA04E /* UserNotificationsUI.framework in Frameworks */ = {isa = PBXBuildFile; fileRef = F7DD0D4D2C8846EF002AA04E /* UserNotificationsUI.framework */; };
		F7DD0D512C8846EF002AA04E /* NotificationViewController.swift in Sources */ = {isa = PBXBuildFile; fileRef = F7DD0D502C8846EF002AA04E /* NotificationViewController.swift */; };
		F7DD0D542C8846EF002AA04E /* Base in Resources */ = {isa = PBXBuildFile; fileRef = F7DD0D532C8846EF002AA04E /* Base */; };
		F7DD0D582C8846EF002AA04E /* ContentExt.appex in Embed Foundation Extensions */ = {isa = PBXBuildFile; fileRef = F7DD0D4A2C8846EF002AA04E /* ContentExt.appex */; settings = {ATTRIBUTES = (RemoveHeadersOnCopy, ); }; };
/* End PBXBuildFile section */

/* Begin PBXContainerItemProxy section */
		F78A380B2C82E93200CEB691 /* PBXContainerItemProxy */ = {
			isa = PBXContainerItemProxy;
			containerPortal = F78A37CD2C82E30000CEB691 /* Project object */;
			proxyType = 1;
			remoteGlobalIDString = F78A38032C82E93200CEB691;
			remoteInfo = VPNClientNetwork;
		};
		F7DD0D402C8846E1002AA04E /* PBXContainerItemProxy */ = {
			isa = PBXContainerItemProxy;
			containerPortal = F78A37CD2C82E30000CEB691 /* Project object */;
			proxyType = 1;
			remoteGlobalIDString = F7DD0D3A2C8846E1002AA04E;
			remoteInfo = ServiceExt;
		};
		F7DD0D562C8846EF002AA04E /* PBXContainerItemProxy */ = {
			isa = PBXContainerItemProxy;
			containerPortal = F78A37CD2C82E30000CEB691 /* Project object */;
			proxyType = 1;
			remoteGlobalIDString = F7DD0D492C8846EF002AA04E;
			remoteInfo = ContentExt;
		};
/* End PBXContainerItemProxy section */

/* Begin PBXCopyFilesBuildPhase section */
		F78A37FF2C82E80900CEB691 /* Embed Foundation Extensions */ = {
			isa = PBXCopyFilesBuildPhase;
			buildActionMask = 2147483647;
			dstPath = "";
			dstSubfolderSpec = 13;
			files = (
				F7DD0D582C8846EF002AA04E /* ContentExt.appex in Embed Foundation Extensions */,
				F7DD0D422C8846E1002AA04E /* ServiceExt.appex in Embed Foundation Extensions */,
				F78A380D2C82E93200CEB691 /* VPNClientNetwork.appex in Embed Foundation Extensions */,
			);
			name = "Embed Foundation Extensions";
			runOnlyForDeploymentPostprocessing = 0;
		};
/* End PBXCopyFilesBuildPhase section */

/* Begin PBXFileReference section */
		4FFCAC12D0B93393887BA966 /* Pods_VPNClient.framework */ = {isa = PBXFileReference; explicitFileType = wrapper.framework; includeInIndex = 0; path = Pods_VPNClient.framework; sourceTree = BUILT_PRODUCTS_DIR; };
		79663192B7BD765A8DA23DD3 /* Pods-VPNClient.debug.xcconfig */ = {isa = PBXFileReference; includeInIndex = 1; lastKnownFileType = text.xcconfig; name = "Pods-VPNClient.debug.xcconfig"; path = "Target Support Files/Pods-VPNClient/Pods-VPNClient.debug.xcconfig"; sourceTree = "<group>"; };
		9889C80911BA7DB20E71F88C /* Pods-VPNClient.release.xcconfig */ = {isa = PBXFileReference; includeInIndex = 1; lastKnownFileType = text.xcconfig; name = "Pods-VPNClient.release.xcconfig"; path = "Target Support Files/Pods-VPNClient/Pods-VPNClient.release.xcconfig"; sourceTree = "<group>"; };
		C099E0C1311D106605C3E635 /* Pods-VPNClientNetwork.release.xcconfig */ = {isa = PBXFileReference; includeInIndex = 1; lastKnownFileType = text.xcconfig; name = "Pods-VPNClientNetwork.release.xcconfig"; path = "Target Support Files/Pods-VPNClientNetwork/Pods-VPNClientNetwork.release.xcconfig"; sourceTree = "<group>"; };
		D8884686B981756586110B0E /* Pods-VPNClientNetwork.debug.xcconfig */ = {isa = PBXFileReference; includeInIndex = 1; lastKnownFileType = text.xcconfig; name = "Pods-VPNClientNetwork.debug.xcconfig"; path = "Target Support Files/Pods-VPNClientNetwork/Pods-VPNClientNetwork.debug.xcconfig"; sourceTree = "<group>"; };
		DD0D0A34CFF3C024A1502130 /* Pods_VPNClientNetwork.framework */ = {isa = PBXFileReference; explicitFileType = wrapper.framework; includeInIndex = 0; path = Pods_VPNClientNetwork.framework; sourceTree = BUILT_PRODUCTS_DIR; };
		F777E2772C8468440082AEC7 /* rexopvn.ovpn */ = {isa = PBXFileReference; fileEncoding = 4; lastKnownFileType = text; path = rexopvn.ovpn; sourceTree = SOURCE_ROOT; };
		F777E27B2C846F1B0082AEC7 /* profile.ovpn */ = {isa = PBXFileReference; fileEncoding = 4; lastKnownFileType = text; path = profile.ovpn; sourceTree = SOURCE_ROOT; };
		F78A37D52C82E30000CEB691 /* VPNClient.app */ = {isa = PBXFileReference; explicitFileType = wrapper.application; includeInIndex = 0; path = VPNClient.app; sourceTree = BUILT_PRODUCTS_DIR; };
		F78A37D82C82E30000CEB691 /* AppDelegate.swift */ = {isa = PBXFileReference; lastKnownFileType = sourcecode.swift; path = AppDelegate.swift; sourceTree = "<group>"; };
		F78A37DA2C82E30000CEB691 /* SceneDelegate.swift */ = {isa = PBXFileReference; lastKnownFileType = sourcecode.swift; path = SceneDelegate.swift; sourceTree = "<group>"; };
		F78A37DC2C82E30000CEB691 /* ViewController.swift */ = {isa = PBXFileReference; lastKnownFileType = sourcecode.swift; path = ViewController.swift; sourceTree = "<group>"; };
		F78A37DF2C82E30000CEB691 /* Base */ = {isa = PBXFileReference; lastKnownFileType = file.storyboard; name = Base; path = Base.lproj/Main.storyboard; sourceTree = "<group>"; };
		F78A37E12C82E30200CEB691 /* Assets.xcassets */ = {isa = PBXFileReference; lastKnownFileType = folder.assetcatalog; path = Assets.xcassets; sourceTree = "<group>"; };
		F78A37E42C82E30200CEB691 /* Base */ = {isa = PBXFileReference; lastKnownFileType = file.storyboard; name = Base; path = Base.lproj/LaunchScreen.storyboard; sourceTree = "<group>"; };
		F78A37E62C82E30200CEB691 /* Info.plist */ = {isa = PBXFileReference; lastKnownFileType = text.plist.xml; path = Info.plist; sourceTree = "<group>"; };
		F78A37EC2C82E64000CEB691 /* VPNClient.entitlements */ = {isa = PBXFileReference; lastKnownFileType = text.plist.entitlements; path = VPNClient.entitlements; sourceTree = "<group>"; };
		F78A37F22C82E80800CEB691 /* NetworkExtension.framework */ = {isa = PBXFileReference; lastKnownFileType = wrapper.framework; name = NetworkExtension.framework; path = System/Library/Frameworks/NetworkExtension.framework; sourceTree = SDKROOT; };
		F78A38042C82E93200CEB691 /* VPNClientNetwork.appex */ = {isa = PBXFileReference; explicitFileType = "wrapper.app-extension"; includeInIndex = 0; path = VPNClientNetwork.appex; sourceTree = BUILT_PRODUCTS_DIR; };
		F78A38072C82E93200CEB691 /* PacketTunnelProvider.swift */ = {isa = PBXFileReference; lastKnownFileType = sourcecode.swift; path = PacketTunnelProvider.swift; sourceTree = "<group>"; };
		F78A38092C82E93200CEB691 /* Info.plist */ = {isa = PBXFileReference; lastKnownFileType = text.plist.xml; path = Info.plist; sourceTree = "<group>"; };
		F78A380A2C82E93200CEB691 /* VPNClientNetwork.entitlements */ = {isa = PBXFileReference; lastKnownFileType = text.plist.entitlements; path = VPNClientNetwork.entitlements; sourceTree = "<group>"; };
		F7DD0D302C883CAA002AA04E /* GoogleService-Info.plist */ = {isa = PBXFileReference; fileEncoding = 4; lastKnownFileType = text.plist.xml; path = "GoogleService-Info.plist"; sourceTree = SOURCE_ROOT; };
		F7DD0D3B2C8846E1002AA04E /* ServiceExt.appex */ = {isa = PBXFileReference; explicitFileType = "wrapper.app-extension"; includeInIndex = 0; path = ServiceExt.appex; sourceTree = BUILT_PRODUCTS_DIR; };
		F7DD0D3D2C8846E1002AA04E /* NotificationService.swift */ = {isa = PBXFileReference; lastKnownFileType = sourcecode.swift; path = NotificationService.swift; sourceTree = "<group>"; };
		F7DD0D3F2C8846E1002AA04E /* Info.plist */ = {isa = PBXFileReference; lastKnownFileType = text.plist.xml; path = Info.plist; sourceTree = "<group>"; };
		F7DD0D4A2C8846EF002AA04E /* ContentExt.appex */ = {isa = PBXFileReference; explicitFileType = "wrapper.app-extension"; includeInIndex = 0; path = ContentExt.appex; sourceTree = BUILT_PRODUCTS_DIR; };
		F7DD0D4B2C8846EF002AA04E /* UserNotifications.framework */ = {isa = PBXFileReference; lastKnownFileType = wrapper.framework; name = UserNotifications.framework; path = System/Library/Frameworks/UserNotifications.framework; sourceTree = SDKROOT; };
		F7DD0D4D2C8846EF002AA04E /* UserNotificationsUI.framework */ = {isa = PBXFileReference; lastKnownFileType = wrapper.framework; name = UserNotificationsUI.framework; path = System/Library/Frameworks/UserNotificationsUI.framework; sourceTree = SDKROOT; };
		F7DD0D502C8846EF002AA04E /* NotificationViewController.swift */ = {isa = PBXFileReference; lastKnownFileType = sourcecode.swift; path = NotificationViewController.swift; sourceTree = "<group>"; };
		F7DD0D532C8846EF002AA04E /* Base */ = {isa = PBXFileReference; lastKnownFileType = file.storyboard; name = Base; path = Base.lproj/MainInterface.storyboard; sourceTree = "<group>"; };
		F7DD0D552C8846EF002AA04E /* Info.plist */ = {isa = PBXFileReference; lastKnownFileType = text.plist.xml; path = Info.plist; sourceTree = "<group>"; };
/* End PBXFileReference section */

/* Begin PBXFrameworksBuildPhase section */
		F78A37D22C82E30000CEB691 /* Frameworks */ = {
			isa = PBXFrameworksBuildPhase;
			buildActionMask = 2147483647;
			files = (
				F7DD0D362C883E8E002AA04E /* FirebaseMessaging in Frameworks */,
				F7DD0D342C883E8E002AA04E /* FirebaseAnalytics in Frameworks */,
				D1814C61B4774A70F1E7649B /* Pods_VPNClient.framework in Frameworks */,
			);
			runOnlyForDeploymentPostprocessing = 0;
		};
		F78A38012C82E93200CEB691 /* Frameworks */ = {
			isa = PBXFrameworksBuildPhase;
			buildActionMask = 2147483647;
			files = (
				F78A38052C82E93200CEB691 /* NetworkExtension.framework in Frameworks */,
				49CE437FCE02179E6147EAD1 /* Pods_VPNClientNetwork.framework in Frameworks */,
			);
			runOnlyForDeploymentPostprocessing = 0;
		};
		F7DD0D382C8846E1002AA04E /* Frameworks */ = {
			isa = PBXFrameworksBuildPhase;
			buildActionMask = 2147483647;
			files = (
			);
			runOnlyForDeploymentPostprocessing = 0;
		};
		F7DD0D472C8846EF002AA04E /* Frameworks */ = {
			isa = PBXFrameworksBuildPhase;
			buildActionMask = 2147483647;
			files = (
				F7DD0D4E2C8846EF002AA04E /* UserNotificationsUI.framework in Frameworks */,
				F7DD0D4C2C8846EF002AA04E /* UserNotifications.framework in Frameworks */,
			);
			runOnlyForDeploymentPostprocessing = 0;
		};
/* End PBXFrameworksBuildPhase section */

/* Begin PBXGroup section */
		52B75A7D0C6535F3D708BE0C /* Frameworks */ = {
			isa = PBXGroup;
			children = (
				4FFCAC12D0B93393887BA966 /* Pods_VPNClient.framework */,
				F78A37F22C82E80800CEB691 /* NetworkExtension.framework */,
				DD0D0A34CFF3C024A1502130 /* Pods_VPNClientNetwork.framework */,
				F7DD0D4B2C8846EF002AA04E /* UserNotifications.framework */,
				F7DD0D4D2C8846EF002AA04E /* UserNotificationsUI.framework */,
			);
			name = Frameworks;
			sourceTree = "<group>";
		};
		A7D63A2F36409A1E6BFA6787 /* Pods */ = {
			isa = PBXGroup;
			children = (
				79663192B7BD765A8DA23DD3 /* Pods-VPNClient.debug.xcconfig */,
				9889C80911BA7DB20E71F88C /* Pods-VPNClient.release.xcconfig */,
				D8884686B981756586110B0E /* Pods-VPNClientNetwork.debug.xcconfig */,
				C099E0C1311D106605C3E635 /* Pods-VPNClientNetwork.release.xcconfig */,
			);
			path = Pods;
			sourceTree = "<group>";
		};
		F78A37CC2C82E30000CEB691 = {
			isa = PBXGroup;
			children = (
				F78A37D72C82E30000CEB691 /* VPNClient */,
				F78A38062C82E93200CEB691 /* VPNClientNetwork */,
				F7DD0D3C2C8846E1002AA04E /* ServiceExt */,
				F7DD0D4F2C8846EF002AA04E /* ContentExt */,
				F78A37D62C82E30000CEB691 /* Products */,
				A7D63A2F36409A1E6BFA6787 /* Pods */,
				52B75A7D0C6535F3D708BE0C /* Frameworks */,
			);
			sourceTree = "<group>";
		};
		F78A37D62C82E30000CEB691 /* Products */ = {
			isa = PBXGroup;
			children = (
				F78A37D52C82E30000CEB691 /* VPNClient.app */,
				F78A38042C82E93200CEB691 /* VPNClientNetwork.appex */,
				F7DD0D3B2C8846E1002AA04E /* ServiceExt.appex */,
				F7DD0D4A2C8846EF002AA04E /* ContentExt.appex */,
			);
			name = Products;
			sourceTree = "<group>";
		};
		F78A37D72C82E30000CEB691 /* VPNClient */ = {
			isa = PBXGroup;
			children = (
				F7DD0D302C883CAA002AA04E /* GoogleService-Info.plist */,
				F777E27B2C846F1B0082AEC7 /* profile.ovpn */,
				F777E2772C8468440082AEC7 /* rexopvn.ovpn */,
				F78A37EC2C82E64000CEB691 /* VPNClient.entitlements */,
				F78A37D82C82E30000CEB691 /* AppDelegate.swift */,
				F78A37DA2C82E30000CEB691 /* SceneDelegate.swift */,
				F78A37DC2C82E30000CEB691 /* ViewController.swift */,
				F78A37DE2C82E30000CEB691 /* Main.storyboard */,
				F78A37E12C82E30200CEB691 /* Assets.xcassets */,
				F78A37E32C82E30200CEB691 /* LaunchScreen.storyboard */,
				F78A37E62C82E30200CEB691 /* Info.plist */,
			);
			path = VPNClient;
			sourceTree = "<group>";
		};
		F78A38062C82E93200CEB691 /* VPNClientNetwork */ = {
			isa = PBXGroup;
			children = (
				F78A38072C82E93200CEB691 /* PacketTunnelProvider.swift */,
				F78A38092C82E93200CEB691 /* Info.plist */,
				F78A380A2C82E93200CEB691 /* VPNClientNetwork.entitlements */,
			);
			path = VPNClientNetwork;
			sourceTree = "<group>";
		};
		F7DD0D3C2C8846E1002AA04E /* ServiceExt */ = {
			isa = PBXGroup;
			children = (
				F7DD0D3D2C8846E1002AA04E /* NotificationService.swift */,
				F7DD0D3F2C8846E1002AA04E /* Info.plist */,
			);
			path = ServiceExt;
			sourceTree = "<group>";
		};
		F7DD0D4F2C8846EF002AA04E /* ContentExt */ = {
			isa = PBXGroup;
			children = (
				F7DD0D502C8846EF002AA04E /* NotificationViewController.swift */,
				F7DD0D522C8846EF002AA04E /* MainInterface.storyboard */,
				F7DD0D552C8846EF002AA04E /* Info.plist */,
			);
			path = ContentExt;
			sourceTree = "<group>";
		};
/* End PBXGroup section */

/* Begin PBXNativeTarget section */
		F78A37D42C82E30000CEB691 /* VPNClient */ = {
			isa = PBXNativeTarget;
			buildConfigurationList = F78A37E92C82E30200CEB691 /* Build configuration list for PBXNativeTarget "VPNClient" */;
			buildPhases = (
				3949BDCCACB92E2D5153EE6E /* [CP] Check Pods Manifest.lock */,
				F78A37D12C82E30000CEB691 /* Sources */,
				F78A37D22C82E30000CEB691 /* Frameworks */,
				F78A37D32C82E30000CEB691 /* Resources */,
				45CDE82ABDD442297373CEEB /* [CP] Embed Pods Frameworks */,
				F78A37FF2C82E80900CEB691 /* Embed Foundation Extensions */,
			);
			buildRules = (
			);
			dependencies = (
				F78A380C2C82E93200CEB691 /* PBXTargetDependency */,
				F7DD0D412C8846E1002AA04E /* PBXTargetDependency */,
				F7DD0D572C8846EF002AA04E /* PBXTargetDependency */,
			);
			name = VPNClient;
			packageProductDependencies = (
				F7DD0D332C883E8E002AA04E /* FirebaseAnalytics */,
				F7DD0D352C883E8E002AA04E /* FirebaseMessaging */,
			);
			productName = VPNClient;
			productReference = F78A37D52C82E30000CEB691 /* VPNClient.app */;
			productType = "com.apple.product-type.application";
		};
		F78A38032C82E93200CEB691 /* VPNClientNetwork */ = {
			isa = PBXNativeTarget;
			buildConfigurationList = F78A380E2C82E93200CEB691 /* Build configuration list for PBXNativeTarget "VPNClientNetwork" */;
			buildPhases = (
				C73DF9EF30F4C60DD9529FC4 /* [CP] Check Pods Manifest.lock */,
				F78A38002C82E93200CEB691 /* Sources */,
				F78A38012C82E93200CEB691 /* Frameworks */,
				F78A38022C82E93200CEB691 /* Resources */,
			);
			buildRules = (
			);
			dependencies = (
			);
			name = VPNClientNetwork;
			productName = VPNClientNetwork;
			productReference = F78A38042C82E93200CEB691 /* VPNClientNetwork.appex */;
			productType = "com.apple.product-type.app-extension";
		};
		F7DD0D3A2C8846E1002AA04E /* ServiceExt */ = {
			isa = PBXNativeTarget;
			buildConfigurationList = F7DD0D432C8846E1002AA04E /* Build configuration list for PBXNativeTarget "ServiceExt" */;
			buildPhases = (
				F7DD0D372C8846E1002AA04E /* Sources */,
				F7DD0D382C8846E1002AA04E /* Frameworks */,
				F7DD0D392C8846E1002AA04E /* Resources */,
			);
			buildRules = (
			);
			dependencies = (
			);
			name = ServiceExt;
			productName = ServiceExt;
			productReference = F7DD0D3B2C8846E1002AA04E /* ServiceExt.appex */;
			productType = "com.apple.product-type.app-extension";
		};
		F7DD0D492C8846EF002AA04E /* ContentExt */ = {
			isa = PBXNativeTarget;
			buildConfigurationList = F7DD0D592C8846EF002AA04E /* Build configuration list for PBXNativeTarget "ContentExt" */;
			buildPhases = (
				F7DD0D462C8846EF002AA04E /* Sources */,
				F7DD0D472C8846EF002AA04E /* Frameworks */,
				F7DD0D482C8846EF002AA04E /* Resources */,
			);
			buildRules = (
			);
			dependencies = (
			);
			name = ContentExt;
			productName = ContentExt;
			productReference = F7DD0D4A2C8846EF002AA04E /* ContentExt.appex */;
			productType = "com.apple.product-type.app-extension";
		};
/* End PBXNativeTarget section */

/* Begin PBXProject section */
		F78A37CD2C82E30000CEB691 /* Project object */ = {
			isa = PBXProject;
			attributes = {
				BuildIndependentTargetsInParallel = 1;
				LastSwiftUpdateCheck = 1540;
				LastUpgradeCheck = 1540;
				TargetAttributes = {
					F78A37D42C82E30000CEB691 = {
						CreatedOnToolsVersion = 15.4;
					};
					F78A38032C82E93200CEB691 = {
						CreatedOnToolsVersion = 15.4;
					};
					F7DD0D3A2C8846E1002AA04E = {
						CreatedOnToolsVersion = 15.4;
					};
					F7DD0D492C8846EF002AA04E = {
						CreatedOnToolsVersion = 15.4;
					};
				};
			};
			buildConfigurationList = F78A37D02C82E30000CEB691 /* Build configuration list for PBXProject "VPNClient" */;
			compatibilityVersion = "Xcode 14.0";
			developmentRegion = en;
			hasScannedForEncodings = 0;
			knownRegions = (
				en,
				Base,
			);
			mainGroup = F78A37CC2C82E30000CEB691;
			packageReferences = (
				F7DD0D322C883E8E002AA04E /* XCRemoteSwiftPackageReference "firebase-ios-sdk" */,
			);
			productRefGroup = F78A37D62C82E30000CEB691 /* Products */;
			projectDirPath = "";
			projectRoot = "";
			targets = (
				F78A37D42C82E30000CEB691 /* VPNClient */,
				F78A38032C82E93200CEB691 /* VPNClientNetwork */,
				F7DD0D3A2C8846E1002AA04E /* ServiceExt */,
				F7DD0D492C8846EF002AA04E /* ContentExt */,
			);
		};
/* End PBXProject section */

/* Begin PBXResourcesBuildPhase section */
		F78A37D32C82E30000CEB691 /* Resources */ = {
			isa = PBXResourcesBuildPhase;
			buildActionMask = 2147483647;
			files = (
				F78A37E22C82E30200CEB691 /* Assets.xcassets in Resources */,
				F78A37E52C82E30200CEB691 /* Base in Resources */,
				F78A37E02C82E30000CEB691 /* Base in Resources */,
				F777E27C2C846F1B0082AEC7 /* profile.ovpn in Resources */,
				F777E2782C8468440082AEC7 /* rexopvn.ovpn in Resources */,
				F7DD0D312C883CAA002AA04E /* GoogleService-Info.plist in Resources */,
			);
			runOnlyForDeploymentPostprocessing = 0;
		};
		F78A38022C82E93200CEB691 /* Resources */ = {
			isa = PBXResourcesBuildPhase;
			buildActionMask = 2147483647;
			files = (
			);
			runOnlyForDeploymentPostprocessing = 0;
		};
		F7DD0D392C8846E1002AA04E /* Resources */ = {
			isa = PBXResourcesBuildPhase;
			buildActionMask = 2147483647;
			files = (
			);
			runOnlyForDeploymentPostprocessing = 0;
		};
		F7DD0D482C8846EF002AA04E /* Resources */ = {
			isa = PBXResourcesBuildPhase;
			buildActionMask = 2147483647;
			files = (
				F7DD0D542C8846EF002AA04E /* Base in Resources */,
			);
			runOnlyForDeploymentPostprocessing = 0;
		};
/* End PBXResourcesBuildPhase section */

/* Begin PBXShellScriptBuildPhase section */
		3949BDCCACB92E2D5153EE6E /* [CP] Check Pods Manifest.lock */ = {
			isa = PBXShellScriptBuildPhase;
			buildActionMask = 2147483647;
			files = (
			);
			inputFileListPaths = (
			);
			inputPaths = (
				"${PODS_PODFILE_DIR_PATH}/Podfile.lock",
				"${PODS_ROOT}/Manifest.lock",
			);
			name = "[CP] Check Pods Manifest.lock";
			outputFileListPaths = (
			);
			outputPaths = (
				"$(DERIVED_FILE_DIR)/Pods-VPNClient-checkManifestLockResult.txt",
			);
			runOnlyForDeploymentPostprocessing = 0;
			shellPath = /bin/sh;
			shellScript = "diff \"${PODS_PODFILE_DIR_PATH}/Podfile.lock\" \"${PODS_ROOT}/Manifest.lock\" > /dev/null\nif [ $? != 0 ] ; then\n    # print error to STDERR\n    echo \"error: The sandbox is not in sync with the Podfile.lock. Run 'pod install' or update your CocoaPods installation.\" >&2\n    exit 1\nfi\n# This output is used by Xcode 'outputs' to avoid re-running this script phase.\necho \"SUCCESS\" > \"${SCRIPT_OUTPUT_FILE_0}\"\n";
			showEnvVarsInLog = 0;
		};
		45CDE82ABDD442297373CEEB /* [CP] Embed Pods Frameworks */ = {
			isa = PBXShellScriptBuildPhase;
			buildActionMask = 2147483647;
			files = (
			);
			inputFileListPaths = (
				"${PODS_ROOT}/Target Support Files/Pods-VPNClient/Pods-VPNClient-frameworks-${CONFIGURATION}-input-files.xcfilelist",
			);
			name = "[CP] Embed Pods Frameworks";
			outputFileListPaths = (
				"${PODS_ROOT}/Target Support Files/Pods-VPNClient/Pods-VPNClient-frameworks-${CONFIGURATION}-output-files.xcfilelist",
			);
			runOnlyForDeploymentPostprocessing = 0;
			shellPath = /bin/sh;
			shellScript = "\"${PODS_ROOT}/Target Support Files/Pods-VPNClient/Pods-VPNClient-frameworks.sh\"\n";
			showEnvVarsInLog = 0;
		};
		C73DF9EF30F4C60DD9529FC4 /* [CP] Check Pods Manifest.lock */ = {
			isa = PBXShellScriptBuildPhase;
			buildActionMask = 2147483647;
			files = (
			);
			inputFileListPaths = (
			);
			inputPaths = (
				"${PODS_PODFILE_DIR_PATH}/Podfile.lock",
				"${PODS_ROOT}/Manifest.lock",
			);
			name = "[CP] Check Pods Manifest.lock";
			outputFileListPaths = (
			);
			outputPaths = (
				"$(DERIVED_FILE_DIR)/Pods-VPNClientNetwork-checkManifestLockResult.txt",
			);
			runOnlyForDeploymentPostprocessing = 0;
			shellPath = /bin/sh;
			shellScript = "diff \"${PODS_PODFILE_DIR_PATH}/Podfile.lock\" \"${PODS_ROOT}/Manifest.lock\" > /dev/null\nif [ $? != 0 ] ; then\n    # print error to STDERR\n    echo \"error: The sandbox is not in sync with the Podfile.lock. Run 'pod install' or update your CocoaPods installation.\" >&2\n    exit 1\nfi\n# This output is used by Xcode 'outputs' to avoid re-running this script phase.\necho \"SUCCESS\" > \"${SCRIPT_OUTPUT_FILE_0}\"\n";
			showEnvVarsInLog = 0;
		};
/* End PBXShellScriptBuildPhase section */

/* Begin PBXSourcesBuildPhase section */
		F78A37D12C82E30000CEB691 /* Sources */ = {
			isa = PBXSourcesBuildPhase;
			buildActionMask = 2147483647;
			files = (
				F78A37DD2C82E30000CEB691 /* ViewController.swift in Sources */,
				F78A37D92C82E30000CEB691 /* AppDelegate.swift in Sources */,
				F78A37DB2C82E30000CEB691 /* SceneDelegate.swift in Sources */,
			);
			runOnlyForDeploymentPostprocessing = 0;
		};
		F78A38002C82E93200CEB691 /* Sources */ = {
			isa = PBXSourcesBuildPhase;
			buildActionMask = 2147483647;
			files = (
				F78A38082C82E93200CEB691 /* PacketTunnelProvider.swift in Sources */,
			);
			runOnlyForDeploymentPostprocessing = 0;
		};
		F7DD0D372C8846E1002AA04E /* Sources */ = {
			isa = PBXSourcesBuildPhase;
			buildActionMask = 2147483647;
			files = (
				F7DD0D3E2C8846E1002AA04E /* NotificationService.swift in Sources */,
			);
			runOnlyForDeploymentPostprocessing = 0;
		};
		F7DD0D462C8846EF002AA04E /* Sources */ = {
			isa = PBXSourcesBuildPhase;
			buildActionMask = 2147483647;
			files = (
				F7DD0D512C8846EF002AA04E /* NotificationViewController.swift in Sources */,
			);
			runOnlyForDeploymentPostprocessing = 0;
		};
/* End PBXSourcesBuildPhase section */

/* Begin PBXTargetDependency section */
		F78A380C2C82E93200CEB691 /* PBXTargetDependency */ = {
			isa = PBXTargetDependency;
			target = F78A38032C82E93200CEB691 /* VPNClientNetwork */;
			targetProxy = F78A380B2C82E93200CEB691 /* PBXContainerItemProxy */;
		};
		F7DD0D412C8846E1002AA04E /* PBXTargetDependency */ = {
			isa = PBXTargetDependency;
			target = F7DD0D3A2C8846E1002AA04E /* ServiceExt */;
			targetProxy = F7DD0D402C8846E1002AA04E /* PBXContainerItemProxy */;
		};
		F7DD0D572C8846EF002AA04E /* PBXTargetDependency */ = {
			isa = PBXTargetDependency;
			target = F7DD0D492C8846EF002AA04E /* ContentExt */;
			targetProxy = F7DD0D562C8846EF002AA04E /* PBXContainerItemProxy */;
		};
/* End PBXTargetDependency section */

/* Begin PBXVariantGroup section */
		F78A37DE2C82E30000CEB691 /* Main.storyboard */ = {
			isa = PBXVariantGroup;
			children = (
				F78A37DF2C82E30000CEB691 /* Base */,
			);
			name = Main.storyboard;
			sourceTree = "<group>";
		};
		F78A37E32C82E30200CEB691 /* LaunchScreen.storyboard */ = {
			isa = PBXVariantGroup;
			children = (
				F78A37E42C82E30200CEB691 /* Base */,
			);
			name = LaunchScreen.storyboard;
			sourceTree = "<group>";
		};
		F7DD0D522C8846EF002AA04E /* MainInterface.storyboard */ = {
			isa = PBXVariantGroup;
			children = (
				F7DD0D532C8846EF002AA04E /* Base */,
			);
			name = MainInterface.storyboard;
			sourceTree = "<group>";
		};
/* End PBXVariantGroup section */

/* Begin XCBuildConfiguration section */
		F78A37E72C82E30200CEB691 /* Debug */ = {
			isa = XCBuildConfiguration;
			buildSettings = {
				ALWAYS_SEARCH_USER_PATHS = NO;
				ASSETCATALOG_COMPILER_GENERATE_SWIFT_ASSET_SYMBOL_EXTENSIONS = YES;
				CLANG_ANALYZER_NONNULL = YES;
				CLANG_ANALYZER_NUMBER_OBJECT_CONVERSION = YES_AGGRESSIVE;
				CLANG_CXX_LANGUAGE_STANDARD = "gnu++20";
				CLANG_ENABLE_MODULES = YES;
				CLANG_ENABLE_OBJC_ARC = YES;
				CLANG_ENABLE_OBJC_WEAK = YES;
				CLANG_WARN_BLOCK_CAPTURE_AUTORELEASING = YES;
				CLANG_WARN_BOOL_CONVERSION = YES;
				CLANG_WARN_COMMA = YES;
				CLANG_WARN_CONSTANT_CONVERSION = YES;
				CLANG_WARN_DEPRECATED_OBJC_IMPLEMENTATIONS = YES;
				CLANG_WARN_DIRECT_OBJC_ISA_USAGE = YES_ERROR;
				CLANG_WARN_DOCUMENTATION_COMMENTS = YES;
				CLANG_WARN_EMPTY_BODY = YES;
				CLANG_WARN_ENUM_CONVERSION = YES;
				CLANG_WARN_INFINITE_RECURSION = YES;
				CLANG_WARN_INT_CONVERSION = YES;
				CLANG_WARN_NON_LITERAL_NULL_CONVERSION = YES;
				CLANG_WARN_OBJC_IMPLICIT_RETAIN_SELF = YES;
				CLANG_WARN_OBJC_LITERAL_CONVERSION = YES;
				CLANG_WARN_OBJC_ROOT_CLASS = YES_ERROR;
				CLANG_WARN_QUOTED_INCLUDE_IN_FRAMEWORK_HEADER = YES;
				CLANG_WARN_RANGE_LOOP_ANALYSIS = YES;
				CLANG_WARN_STRICT_PROTOTYPES = YES;
				CLANG_WARN_SUSPICIOUS_MOVE = YES;
				CLANG_WARN_UNGUARDED_AVAILABILITY = YES_AGGRESSIVE;
				CLANG_WARN_UNREACHABLE_CODE = YES;
				CLANG_WARN__DUPLICATE_METHOD_MATCH = YES;
				COPY_PHASE_STRIP = NO;
				DEBUG_INFORMATION_FORMAT = dwarf;
				ENABLE_STRICT_OBJC_MSGSEND = YES;
				ENABLE_TESTABILITY = YES;
				ENABLE_USER_SCRIPT_SANDBOXING = YES;
				GCC_C_LANGUAGE_STANDARD = gnu17;
				GCC_DYNAMIC_NO_PIC = NO;
				GCC_NO_COMMON_BLOCKS = YES;
				GCC_OPTIMIZATION_LEVEL = 0;
				GCC_PREPROCESSOR_DEFINITIONS = (
					"DEBUG=1",
					"$(inherited)",
				);
				GCC_WARN_64_TO_32_BIT_CONVERSION = YES;
				GCC_WARN_ABOUT_RETURN_TYPE = YES_ERROR;
				GCC_WARN_UNDECLARED_SELECTOR = YES;
				GCC_WARN_UNINITIALIZED_AUTOS = YES_AGGRESSIVE;
				GCC_WARN_UNUSED_FUNCTION = YES;
				GCC_WARN_UNUSED_VARIABLE = YES;
				IPHONEOS_DEPLOYMENT_TARGET = 17.5;
				LOCALIZATION_PREFERS_STRING_CATALOGS = YES;
				MTL_ENABLE_DEBUG_INFO = INCLUDE_SOURCE;
				MTL_FAST_MATH = YES;
				ONLY_ACTIVE_ARCH = YES;
				SDKROOT = iphoneos;
				SWIFT_ACTIVE_COMPILATION_CONDITIONS = "DEBUG $(inherited)";
				SWIFT_OPTIMIZATION_LEVEL = "-Onone";
			};
			name = Debug;
		};
		F78A37E82C82E30200CEB691 /* Release */ = {
			isa = XCBuildConfiguration;
			buildSettings = {
				ALWAYS_SEARCH_USER_PATHS = NO;
				ASSETCATALOG_COMPILER_GENERATE_SWIFT_ASSET_SYMBOL_EXTENSIONS = YES;
				CLANG_ANALYZER_NONNULL = YES;
				CLANG_ANALYZER_NUMBER_OBJECT_CONVERSION = YES_AGGRESSIVE;
				CLANG_CXX_LANGUAGE_STANDARD = "gnu++20";
				CLANG_ENABLE_MODULES = YES;
				CLANG_ENABLE_OBJC_ARC = YES;
				CLANG_ENABLE_OBJC_WEAK = YES;
				CLANG_WARN_BLOCK_CAPTURE_AUTORELEASING = YES;
				CLANG_WARN_BOOL_CONVERSION = YES;
				CLANG_WARN_COMMA = YES;
				CLANG_WARN_CONSTANT_CONVERSION = YES;
				CLANG_WARN_DEPRECATED_OBJC_IMPLEMENTATIONS = YES;
				CLANG_WARN_DIRECT_OBJC_ISA_USAGE = YES_ERROR;
				CLANG_WARN_DOCUMENTATION_COMMENTS = YES;
				CLANG_WARN_EMPTY_BODY = YES;
				CLANG_WARN_ENUM_CONVERSION = YES;
				CLANG_WARN_INFINITE_RECURSION = YES;
				CLANG_WARN_INT_CONVERSION = YES;
				CLANG_WARN_NON_LITERAL_NULL_CONVERSION = YES;
				CLANG_WARN_OBJC_IMPLICIT_RETAIN_SELF = YES;
				CLANG_WARN_OBJC_LITERAL_CONVERSION = YES;
				CLANG_WARN_OBJC_ROOT_CLASS = YES_ERROR;
				CLANG_WARN_QUOTED_INCLUDE_IN_FRAMEWORK_HEADER = YES;
				CLANG_WARN_RANGE_LOOP_ANALYSIS = YES;
				CLANG_WARN_STRICT_PROTOTYPES = YES;
				CLANG_WARN_SUSPICIOUS_MOVE = YES;
				CLANG_WARN_UNGUARDED_AVAILABILITY = YES_AGGRESSIVE;
				CLANG_WARN_UNREACHABLE_CODE = YES;
				CLANG_WARN__DUPLICATE_METHOD_MATCH = YES;
				COPY_PHASE_STRIP = NO;
				DEBUG_INFORMATION_FORMAT = "dwarf-with-dsym";
				ENABLE_NS_ASSERTIONS = NO;
				ENABLE_STRICT_OBJC_MSGSEND = YES;
				ENABLE_USER_SCRIPT_SANDBOXING = YES;
				GCC_C_LANGUAGE_STANDARD = gnu17;
				GCC_NO_COMMON_BLOCKS = YES;
				GCC_WARN_64_TO_32_BIT_CONVERSION = YES;
				GCC_WARN_ABOUT_RETURN_TYPE = YES_ERROR;
				GCC_WARN_UNDECLARED_SELECTOR = YES;
				GCC_WARN_UNINITIALIZED_AUTOS = YES_AGGRESSIVE;
				GCC_WARN_UNUSED_FUNCTION = YES;
				GCC_WARN_UNUSED_VARIABLE = YES;
				IPHONEOS_DEPLOYMENT_TARGET = 17.5;
				LOCALIZATION_PREFERS_STRING_CATALOGS = YES;
				MTL_ENABLE_DEBUG_INFO = NO;
				MTL_FAST_MATH = YES;
				SDKROOT = iphoneos;
				SWIFT_COMPILATION_MODE = wholemodule;
				VALIDATE_PRODUCT = YES;
			};
			name = Release;
		};
		F78A37EA2C82E30200CEB691 /* Debug */ = {
			isa = XCBuildConfiguration;
			baseConfigurationReference = 79663192B7BD765A8DA23DD3 /* Pods-VPNClient.debug.xcconfig */;
			buildSettings = {
				ALWAYS_EMBED_SWIFT_STANDARD_LIBRARIES = YES;
				ASSETCATALOG_COMPILER_APPICON_NAME = AppIcon;
				ASSETCATALOG_COMPILER_GLOBAL_ACCENT_COLOR_NAME = AccentColor;
				CODE_SIGN_ENTITLEMENTS = VPNClient/VPNClient.entitlements;
				"CODE_SIGN_IDENTITY[sdk=iphoneos*]" = "iPhone Developer";
				CODE_SIGN_STYLE = Manual;
				CURRENT_PROJECT_VERSION = 1;
				DEVELOPMENT_TEAM = "";
				"DEVELOPMENT_TEAM[sdk=iphoneos*]" = 6P7LJS7G56;
				ENABLE_USER_SCRIPT_SANDBOXING = NO;
				GENERATE_INFOPLIST_FILE = YES;
				INFOPLIST_FILE = VPNClient/Info.plist;
				INFOPLIST_KEY_UIApplicationSupportsIndirectInputEvents = YES;
				INFOPLIST_KEY_UILaunchStoryboardName = LaunchScreen;
				INFOPLIST_KEY_UIMainStoryboardFile = Main;
				INFOPLIST_KEY_UISupportedInterfaceOrientations_iPad = "UIInterfaceOrientationPortrait UIInterfaceOrientationPortraitUpsideDown UIInterfaceOrientationLandscapeLeft UIInterfaceOrientationLandscapeRight";
				INFOPLIST_KEY_UISupportedInterfaceOrientations_iPhone = "UIInterfaceOrientationPortrait UIInterfaceOrientationLandscapeLeft UIInterfaceOrientationLandscapeRight";
				IPHONEOS_DEPLOYMENT_TARGET = 13.0;
				LD_RUNPATH_SEARCH_PATHS = (
					"$(inherited)",
					"@executable_path/Frameworks",
				);
				MARKETING_VERSION = 1.0;
				PRODUCT_BUNDLE_IDENTIFIER = com.mildgrind.icefuse.dev;
				PRODUCT_NAME = "$(TARGET_NAME)";
				PROVISIONING_PROFILE_SPECIFIER = "";
				"PROVISIONING_PROFILE_SPECIFIER[sdk=iphoneos*]" = "IceFuse Dev";
				SWIFT_EMIT_LOC_STRINGS = YES;
				SWIFT_VERSION = 5.0;
				TARGETED_DEVICE_FAMILY = "1,2";
			};
			name = Debug;
		};
		F78A37EB2C82E30200CEB691 /* Release */ = {
			isa = XCBuildConfiguration;
			baseConfigurationReference = 9889C80911BA7DB20E71F88C /* Pods-VPNClient.release.xcconfig */;
			buildSettings = {
				ALWAYS_EMBED_SWIFT_STANDARD_LIBRARIES = YES;
				ASSETCATALOG_COMPILER_APPICON_NAME = AppIcon;
				ASSETCATALOG_COMPILER_GLOBAL_ACCENT_COLOR_NAME = AccentColor;
				CODE_SIGN_ENTITLEMENTS = VPNClient/VPNClient.entitlements;
				"CODE_SIGN_IDENTITY[sdk=iphoneos*]" = "iPhone Developer";
				CODE_SIGN_STYLE = Manual;
				CURRENT_PROJECT_VERSION = 1;
				DEVELOPMENT_TEAM = "";
				"DEVELOPMENT_TEAM[sdk=iphoneos*]" = 6P7LJS7G56;
				ENABLE_USER_SCRIPT_SANDBOXING = NO;
				GENERATE_INFOPLIST_FILE = YES;
				INFOPLIST_FILE = VPNClient/Info.plist;
				INFOPLIST_KEY_UIApplicationSupportsIndirectInputEvents = YES;
				INFOPLIST_KEY_UILaunchStoryboardName = LaunchScreen;
				INFOPLIST_KEY_UIMainStoryboardFile = Main;
				INFOPLIST_KEY_UISupportedInterfaceOrientations_iPad = "UIInterfaceOrientationPortrait UIInterfaceOrientationPortraitUpsideDown UIInterfaceOrientationLandscapeLeft UIInterfaceOrientationLandscapeRight";
				INFOPLIST_KEY_UISupportedInterfaceOrientations_iPhone = "UIInterfaceOrientationPortrait UIInterfaceOrientationLandscapeLeft UIInterfaceOrientationLandscapeRight";
				IPHONEOS_DEPLOYMENT_TARGET = 13.0;
				LD_RUNPATH_SEARCH_PATHS = (
					"$(inherited)",
					"@executable_path/Frameworks",
				);
				MARKETING_VERSION = 1.0;
				PRODUCT_BUNDLE_IDENTIFIER = com.mildgrind.icefuse.dev;
				PRODUCT_NAME = "$(TARGET_NAME)";
				PROVISIONING_PROFILE_SPECIFIER = "";
				"PROVISIONING_PROFILE_SPECIFIER[sdk=iphoneos*]" = "IceFuse Dev";
				SWIFT_EMIT_LOC_STRINGS = YES;
				SWIFT_VERSION = 5.0;
				TARGETED_DEVICE_FAMILY = "1,2";
			};
			name = Release;
		};
		F78A380F2C82E93200CEB691 /* Debug */ = {
			isa = XCBuildConfiguration;
			baseConfigurationReference = D8884686B981756586110B0E /* Pods-VPNClientNetwork.debug.xcconfig */;
			buildSettings = {
				CODE_SIGN_ENTITLEMENTS = VPNClientNetwork/VPNClientNetwork.entitlements;
				"CODE_SIGN_IDENTITY[sdk=iphoneos*]" = "iPhone Developer";
				CODE_SIGN_STYLE = Manual;
				CURRENT_PROJECT_VERSION = 1;
				DEVELOPMENT_TEAM = "";
				"DEVELOPMENT_TEAM[sdk=iphoneos*]" = 6P7LJS7G56;
				GENERATE_INFOPLIST_FILE = YES;
				INFOPLIST_FILE = VPNClientNetwork/Info.plist;
				INFOPLIST_KEY_CFBundleDisplayName = VPNClientNetwork;
				INFOPLIST_KEY_NSHumanReadableCopyright = "";
				IPHONEOS_DEPLOYMENT_TARGET = 14.0;
				LD_RUNPATH_SEARCH_PATHS = (
					"$(inherited)",
					"@executable_path/Frameworks",
					"@executable_path/../../Frameworks",
				);
				MARKETING_VERSION = 1.0;
				PRODUCT_BUNDLE_IDENTIFIER = com.mildgrind.icefuse.dev.vpnclientnetwork;
				PRODUCT_NAME = "$(TARGET_NAME)";
				PROVISIONING_PROFILE_SPECIFIER = "";
				"PROVISIONING_PROFILE_SPECIFIER[sdk=iphoneos*]" = "IceFuse Dev NetworkExtension";
				SKIP_INSTALL = YES;
				SWIFT_EMIT_LOC_STRINGS = YES;
				SWIFT_VERSION = 5.0;
				TARGETED_DEVICE_FAMILY = "1,2";
			};
			name = Debug;
		};
		F78A38102C82E93200CEB691 /* Release */ = {
			isa = XCBuildConfiguration;
			baseConfigurationReference = C099E0C1311D106605C3E635 /* Pods-VPNClientNetwork.release.xcconfig */;
			buildSettings = {
				CODE_SIGN_ENTITLEMENTS = VPNClientNetwork/VPNClientNetwork.entitlements;
				"CODE_SIGN_IDENTITY[sdk=iphoneos*]" = "iPhone Developer";
				CODE_SIGN_STYLE = Manual;
				CURRENT_PROJECT_VERSION = 1;
				DEVELOPMENT_TEAM = "";
				"DEVELOPMENT_TEAM[sdk=iphoneos*]" = 6P7LJS7G56;
				GENERATE_INFOPLIST_FILE = YES;
				INFOPLIST_FILE = VPNClientNetwork/Info.plist;
				INFOPLIST_KEY_CFBundleDisplayName = VPNClientNetwork;
				INFOPLIST_KEY_NSHumanReadableCopyright = "";
				IPHONEOS_DEPLOYMENT_TARGET = 14.0;
				LD_RUNPATH_SEARCH_PATHS = (
					"$(inherited)",
					"@executable_path/Frameworks",
					"@executable_path/../../Frameworks",
				);
				MARKETING_VERSION = 1.0;
				PRODUCT_BUNDLE_IDENTIFIER = com.mildgrind.icefuse.dev.vpnclientnetwork;
				PRODUCT_NAME = "$(TARGET_NAME)";
				PROVISIONING_PROFILE_SPECIFIER = "";
				"PROVISIONING_PROFILE_SPECIFIER[sdk=iphoneos*]" = "IceFuse Dev NetworkExtension";
				SKIP_INSTALL = YES;
				SWIFT_EMIT_LOC_STRINGS = YES;
				SWIFT_VERSION = 5.0;
				TARGETED_DEVICE_FAMILY = "1,2";
			};
			name = Release;
		};
		F7DD0D442C8846E1002AA04E /* Debug */ = {
			isa = XCBuildConfiguration;
			buildSettings = {
				CODE_SIGN_STYLE = Automatic;
				CURRENT_PROJECT_VERSION = 1;
				DEVELOPMENT_TEAM = "";
				GENERATE_INFOPLIST_FILE = YES;
				INFOPLIST_FILE = ServiceExt/Info.plist;
				INFOPLIST_KEY_CFBundleDisplayName = ServiceExt;
				INFOPLIST_KEY_NSHumanReadableCopyright = "";
				LD_RUNPATH_SEARCH_PATHS = (
					"$(inherited)",
					"@executable_path/Frameworks",
					"@executable_path/../../Frameworks",
				);
				MARKETING_VERSION = 1.0;
				PRODUCT_BUNDLE_IDENTIFIER = com.mildgrind.icefuse.dev.ServiceExt;
				PRODUCT_NAME = "$(TARGET_NAME)";
				SKIP_INSTALL = YES;
				SWIFT_EMIT_LOC_STRINGS = YES;
				SWIFT_VERSION = 5.0;
				TARGETED_DEVICE_FAMILY = "1,2";
			};
			name = Debug;
		};
		F7DD0D452C8846E1002AA04E /* Release */ = {
			isa = XCBuildConfiguration;
			buildSettings = {
				CODE_SIGN_STYLE = Automatic;
				CURRENT_PROJECT_VERSION = 1;
				DEVELOPMENT_TEAM = "";
				GENERATE_INFOPLIST_FILE = YES;
				INFOPLIST_FILE = ServiceExt/Info.plist;
				INFOPLIST_KEY_CFBundleDisplayName = ServiceExt;
				INFOPLIST_KEY_NSHumanReadableCopyright = "";
				LD_RUNPATH_SEARCH_PATHS = (
					"$(inherited)",
					"@executable_path/Frameworks",
					"@executable_path/../../Frameworks",
				);
				MARKETING_VERSION = 1.0;
				PRODUCT_BUNDLE_IDENTIFIER = com.mildgrind.icefuse.dev.ServiceExt;
				PRODUCT_NAME = "$(TARGET_NAME)";
				SKIP_INSTALL = YES;
				SWIFT_EMIT_LOC_STRINGS = YES;
				SWIFT_VERSION = 5.0;
				TARGETED_DEVICE_FAMILY = "1,2";
			};
			name = Release;
		};
		F7DD0D5A2C8846EF002AA04E /* Debug */ = {
			isa = XCBuildConfiguration;
			buildSettings = {
				CODE_SIGN_STYLE = Automatic;
				CURRENT_PROJECT_VERSION = 1;
				DEVELOPMENT_TEAM = "";
				GENERATE_INFOPLIST_FILE = YES;
				INFOPLIST_FILE = ContentExt/Info.plist;
				INFOPLIST_KEY_CFBundleDisplayName = ContentExt;
				INFOPLIST_KEY_NSHumanReadableCopyright = "";
				LD_RUNPATH_SEARCH_PATHS = (
					"$(inherited)",
					"@executable_path/Frameworks",
					"@executable_path/../../Frameworks",
				);
				MARKETING_VERSION = 1.0;
				PRODUCT_BUNDLE_IDENTIFIER = com.mildgrind.icefuse.dev.ContentExt;
				PRODUCT_NAME = "$(TARGET_NAME)";
				SKIP_INSTALL = YES;
				SWIFT_EMIT_LOC_STRINGS = YES;
				SWIFT_VERSION = 5.0;
				TARGETED_DEVICE_FAMILY = "1,2";
			};
			name = Debug;
		};
		F7DD0D5B2C8846EF002AA04E /* Release */ = {
			isa = XCBuildConfiguration;
			buildSettings = {
				CODE_SIGN_STYLE = Automatic;
				CURRENT_PROJECT_VERSION = 1;
				DEVELOPMENT_TEAM = "";
				GENERATE_INFOPLIST_FILE = YES;
				INFOPLIST_FILE = ContentExt/Info.plist;
				INFOPLIST_KEY_CFBundleDisplayName = ContentExt;
				INFOPLIST_KEY_NSHumanReadableCopyright = "";
				LD_RUNPATH_SEARCH_PATHS = (
					"$(inherited)",
					"@executable_path/Frameworks",
					"@executable_path/../../Frameworks",
				);
				MARKETING_VERSION = 1.0;
				PRODUCT_BUNDLE_IDENTIFIER = com.mildgrind.icefuse.dev.ContentExt;
				PRODUCT_NAME = "$(TARGET_NAME)";
				SKIP_INSTALL = YES;
				SWIFT_EMIT_LOC_STRINGS = YES;
				SWIFT_VERSION = 5.0;
				TARGETED_DEVICE_FAMILY = "1,2";
			};
			name = Release;
		};
/* End XCBuildConfiguration section */

/* Begin XCConfigurationList section */
		F78A37D02C82E30000CEB691 /* Build configuration list for PBXProject "VPNClient" */ = {
			isa = XCConfigurationList;
			buildConfigurations = (
				F78A37E72C82E30200CEB691 /* Debug */,
				F78A37E82C82E30200CEB691 /* Release */,
			);
			defaultConfigurationIsVisible = 0;
			defaultConfigurationName = Release;
		};
		F78A37E92C82E30200CEB691 /* Build configuration list for PBXNativeTarget "VPNClient" */ = {
			isa = XCConfigurationList;
			buildConfigurations = (
				F78A37EA2C82E30200CEB691 /* Debug */,
				F78A37EB2C82E30200CEB691 /* Release */,
			);
			defaultConfigurationIsVisible = 0;
			defaultConfigurationName = Release;
		};
		F78A380E2C82E93200CEB691 /* Build configuration list for PBXNativeTarget "VPNClientNetwork" */ = {
			isa = XCConfigurationList;
			buildConfigurations = (
				F78A380F2C82E93200CEB691 /* Debug */,
				F78A38102C82E93200CEB691 /* Release */,
			);
			defaultConfigurationIsVisible = 0;
			defaultConfigurationName = Release;
		};
		F7DD0D432C8846E1002AA04E /* Build configuration list for PBXNativeTarget "ServiceExt" */ = {
			isa = XCConfigurationList;
			buildConfigurations = (
				F7DD0D442C8846E1002AA04E /* Debug */,
				F7DD0D452C8846E1002AA04E /* Release */,
			);
			defaultConfigurationIsVisible = 0;
			defaultConfigurationName = Release;
		};
		F7DD0D592C8846EF002AA04E /* Build configuration list for PBXNativeTarget "ContentExt" */ = {
			isa = XCConfigurationList;
			buildConfigurations = (
				F7DD0D5A2C8846EF002AA04E /* Debug */,
				F7DD0D5B2C8846EF002AA04E /* Release */,
			);
			defaultConfigurationIsVisible = 0;
			defaultConfigurationName = Release;
		};
/* End XCConfigurationList section */

/* Begin XCRemoteSwiftPackageReference section */
		F7DD0D322C883E8E002AA04E /* XCRemoteSwiftPackageReference "firebase-ios-sdk" */ = {
			isa = XCRemoteSwiftPackageReference;
			repositoryURL = "https://github.com/firebase/firebase-ios-sdk";
			requirement = {
				kind = upToNextMajorVersion;
				minimumVersion = 11.1.0;
			};
		};
/* End XCRemoteSwiftPackageReference section */

/* Begin XCSwiftPackageProductDependency section */
		F7DD0D332C883E8E002AA04E /* FirebaseAnalytics */ = {
			isa = XCSwiftPackageProductDependency;
			package = F7DD0D322C883E8E002AA04E /* XCRemoteSwiftPackageReference "firebase-ios-sdk" */;
			productName = FirebaseAnalytics;
		};
		F7DD0D352C883E8E002AA04E /* FirebaseMessaging */ = {
			isa = XCSwiftPackageProductDependency;
			package = F7DD0D322C883E8E002AA04E /* XCRemoteSwiftPackageReference "firebase-ios-sdk" */;
			productName = FirebaseMessaging;
		};
/* End XCSwiftPackageProductDependency section */
	};
	rootObject = F78A37CD2C82E30000CEB691 /* Project object */;
}
